// !$*UTF8*$!
{
	archiveVersion = 1;
	classes = {
	};
	objectVersion = 46;
	objects = {

/* Begin PBXBuildFile section */
		7F47CB341C6D0549008689B9 /* AudioToolbox.framework in Frameworks */ = {isa = PBXBuildFile; fileRef = 7F47CB331C6D0549008689B9 /* AudioToolbox.framework */; };
		7F4D4B9320E50293000248F9 /* ac-filter7.cpp in Sources */ = {isa = PBXBuildFile; fileRef = 7F4D4B9220E50292000248F9 /* ac-filter7.cpp */; };
		7F5181C820CC7F4200CF342C /* ac-filter6.cpp in Sources */ = {isa = PBXBuildFile; fileRef = 7F5181C720CC7F4200CF342C /* ac-filter6.cpp */; };
		7F52A4AA2197358C0032CCF3 /* ac-filter12.cpp in Sources */ = {isa = PBXBuildFile; fileRef = 7F52A4A92197358B0032CCF3 /* ac-filter12.cpp */; };
		7F5831E61E27F3CB00101A98 /* AVFoundation.framework in Frameworks */ = {isa = PBXBuildFile; fileRef = 7F5831E41E27F3CB00101A98 /* AVFoundation.framework */; };
		7F5831E71E27F3CB00101A98 /* AVKit.framework in Frameworks */ = {isa = PBXBuildFile; fileRef = 7F5831E51E27F3CB00101A98 /* AVKit.framework */; };
		7F7346832145AD4700F1A327 /* ac-filter11.cpp in Sources */ = {isa = PBXBuildFile; fileRef = 7F7346822145AD4700F1A327 /* ac-filter11.cpp */; };
		7F8E8A3321FE36EC00775DAE /* ac-filter15.cpp in Sources */ = {isa = PBXBuildFile; fileRef = 7F8E8A3221FE36EC00775DAE /* ac-filter15.cpp */; };
		7F98DA6E21B85C41003876C7 /* ac-filter13.cpp in Sources */ = {isa = PBXBuildFile; fileRef = 7F98DA6D21B85C41003876C7 /* ac-filter13.cpp */; };
		7F9D709617DE4F35009C54DA /* Cocoa.framework in Frameworks */ = {isa = PBXBuildFile; fileRef = 7F9D709517DE4F35009C54DA /* Cocoa.framework */; };
		7F9D70A217DE4F35009C54DA /* main.m in Sources */ = {isa = PBXBuildFile; fileRef = 7F9D70A117DE4F35009C54DA /* main.m */; };
		7F9D70A617DE4F35009C54DA /* Credits.rtf in Resources */ = {isa = PBXBuildFile; fileRef = 7F9D70A417DE4F35009C54DA /* Credits.rtf */; };
		7F9D70ED17DE4F7C009C54DA /* AC_Controller.mm in Sources */ = {isa = PBXBuildFile; fileRef = 7F9D70B317DE4F7C009C54DA /* AC_Controller.mm */; };
		7F9D70F017DE4F7C009C54DA /* InfoPlist.strings in Resources */ = {isa = PBXBuildFile; fileRef = 7F9D70B917DE4F7C009C54DA /* InfoPlist.strings */; };
		7F9D70F117DE4F7C009C54DA /* MainMenu.xib in Resources */ = {isa = PBXBuildFile; fileRef = 7F9D70BB17DE4F7C009C54DA /* MainMenu.xib */; };
		7F9D70F217DE4F7C009C54DA /* fractal.cpp in Sources */ = {isa = PBXBuildFile; fileRef = 7F9D70BD17DE4F7C009C54DA /* fractal.cpp */; };
		7F9D711E17DE4F7C009C54DA /* videoprogram.mm in Sources */ = {isa = PBXBuildFile; fileRef = 7F9D70EC17DE4F7C009C54DA /* videoprogram.mm */; };
		7F9D712117DE4FA0009C54DA /* AppKit.framework in Frameworks */ = {isa = PBXBuildFile; fileRef = 7F9D709817DE4F35009C54DA /* AppKit.framework */; };
		7F9D715B17DE5082009C54DA /* image.icns in Resources */ = {isa = PBXBuildFile; fileRef = 7F9D715A17DE5082009C54DA /* image.icns */; };
		7F9E38B8204C807C002A1F4F /* libippiw.a in Frameworks */ = {isa = PBXBuildFile; fileRef = 7F9E38A9204B3ED3002A1F4F /* libippiw.a */; };
		7F9E38B9204C807C002A1F4F /* libittnotify.a in Frameworks */ = {isa = PBXBuildFile; fileRef = 7F9E38A8204B3ED3002A1F4F /* libittnotify.a */; };
		7F9E38BA204C807C002A1F4F /* liblibjpeg.a in Frameworks */ = {isa = PBXBuildFile; fileRef = 7FE23DB41E28356900B14623 /* liblibjpeg.a */; };
		7F9E38BB204C807C002A1F4F /* liblibpng.a in Frameworks */ = {isa = PBXBuildFile; fileRef = 7FE23DB51E28356900B14623 /* liblibpng.a */; };
		7F9E38BC204C807C002A1F4F /* liblibtiff.a in Frameworks */ = {isa = PBXBuildFile; fileRef = 7FE23DB61E28356900B14623 /* liblibtiff.a */; };
		7F9E38BD204C807C002A1F4F /* libopencv_world.a in Frameworks */ = {isa = PBXBuildFile; fileRef = 7F5831E81E27F3DA00101A98 /* libopencv_world.a */; };
		7F9E38BE204C807C002A1F4F /* libzlib.a in Frameworks */ = {isa = PBXBuildFile; fileRef = 7FE23DBC1E28356900B14623 /* libzlib.a */; };
		7F9E38BF204C807C002A1F4F /* libavcodec.a in Frameworks */ = {isa = PBXBuildFile; fileRef = 7FE23DAC1E28356900B14623 /* libavcodec.a */; };
		7F9E38C0204C807C002A1F4F /* libavutil.a in Frameworks */ = {isa = PBXBuildFile; fileRef = 7FE23DB01E28356900B14623 /* libavutil.a */; };
		7F9E38C1204C807C002A1F4F /* libswscale.a in Frameworks */ = {isa = PBXBuildFile; fileRef = 7FE23DB71E28356900B14623 /* libswscale.a */; };
		7F9E38C2204C807C002A1F4F /* libavdevice.a in Frameworks */ = {isa = PBXBuildFile; fileRef = 7FE23DAD1E28356900B14623 /* libavdevice.a */; };
		7F9E38C3204C807C002A1F4F /* libavfilter.a in Frameworks */ = {isa = PBXBuildFile; fileRef = 7FE23DAE1E28356900B14623 /* libavfilter.a */; };
		7F9E38C4204C807C002A1F4F /* libavformat.a in Frameworks */ = {isa = PBXBuildFile; fileRef = 7FE23DAF1E28356900B14623 /* libavformat.a */; };
		7F9E38C5204C807C002A1F4F /* libavresample.a in Frameworks */ = {isa = PBXBuildFile; fileRef = 7F9E38AE204C7814002A1F4F /* libavresample.a */; };
		7F9E38C6204C807C002A1F4F /* liblibjasper.a in Frameworks */ = {isa = PBXBuildFile; fileRef = 7FE23DB31E28356900B14623 /* liblibjasper.a */; };
		7F9E38C7204C807C002A1F4F /* libIlmImf.a in Frameworks */ = {isa = PBXBuildFile; fileRef = 7FE23DB11E28356900B14623 /* libIlmImf.a */; };
		7F9E38C8204C807C002A1F4F /* liblibwebp.a in Frameworks */ = {isa = PBXBuildFile; fileRef = 7F9E38A7204B3ED3002A1F4F /* liblibwebp.a */; };
		7F9E38C9204C807C002A1F4F /* libippicv.a in Frameworks */ = {isa = PBXBuildFile; fileRef = 7FE23DB21E28356900B14623 /* libippicv.a */; };
		7FA4F5D121D553E600E6D442 /* ac-filtercat.cpp in Sources */ = {isa = PBXBuildFile; fileRef = 7FA4F5CF21D553E600E6D442 /* ac-filtercat.cpp */; };
		7FA4F5D321DBDF7700E6D442 /* ac-filter14.cpp in Sources */ = {isa = PBXBuildFile; fileRef = 7FA4F5D221DBDF7700E6D442 /* ac-filter14.cpp */; };
		7FB150EE2110B00D00DAD5FC /* ac-filter9.cpp in Sources */ = {isa = PBXBuildFile; fileRef = 7FB150ED2110B00D00DAD5FC /* ac-filter9.cpp */; };
		7FC2145C2128DB08001EBDA3 /* ac-filter10.cpp in Sources */ = {isa = PBXBuildFile; fileRef = 7FC2145B2128DB08001EBDA3 /* ac-filter10.cpp */; };
		7FC2B66A213185E700E54B6E /* Syphon.framework in Frameworks */ = {isa = PBXBuildFile; fileRef = 7FC2B668213185D000E54B6E /* Syphon.framework */; };
		7FC2B66B213185E700E54B6E /* Syphon.framework in Embed Frameworks */ = {isa = PBXBuildFile; fileRef = 7FC2B668213185D000E54B6E /* Syphon.framework */; settings = {ATTRIBUTES = (CodeSignOnCopy, RemoveHeadersOnCopy, ); }; };
		7FD9985320FE1907003B76A3 /* ac-filter8.cpp in Sources */ = {isa = PBXBuildFile; fileRef = 7FD9985220FE1906003B76A3 /* ac-filter8.cpp */; };
		7FE23DA71E28350700B14623 /* OpenCL.framework in Frameworks */ = {isa = PBXBuildFile; fileRef = 7FE23DA61E28350700B14623 /* OpenCL.framework */; };
		7FE23DD11E28397900B14623 /* CoreMedia.framework in Frameworks */ = {isa = PBXBuildFile; fileRef = 7FE23DD01E28397900B14623 /* CoreMedia.framework */; };
		7FE23DD31E28398000B14623 /* CoreVideo.framework in Frameworks */ = {isa = PBXBuildFile; fileRef = 7FE23DD21E28398000B14623 /* CoreVideo.framework */; };
		7FE23DE91E28403000B14623 /* libf77lapack.tbd in Frameworks */ = {isa = PBXBuildFile; fileRef = 7FE23DE81E28403000B14623 /* libf77lapack.tbd */; };
		7FE23DEC1E28403C00B14623 /* libclapack.tbd in Frameworks */ = {isa = PBXBuildFile; fileRef = 7FE23DEA1E28403C00B14623 /* libclapack.tbd */; };
		7FE23DED1E28403C00B14623 /* liblapack.tbd in Frameworks */ = {isa = PBXBuildFile; fileRef = 7FE23DEB1E28403C00B14623 /* liblapack.tbd */; };
		7FE23DEE1E28405E00B14623 /* libblas.tbd in Frameworks */ = {isa = PBXBuildFile; fileRef = 7FE23DA81E28355600B14623 /* libblas.tbd */; };
		7FE23DEF1E28405E00B14623 /* libcblas.tbd in Frameworks */ = {isa = PBXBuildFile; fileRef = 7FE23DA91E28355600B14623 /* libcblas.tbd */; };
		7FEC3863213092D200EE1A3E /* VideoDecodeAcceleration.framework in Frameworks */ = {isa = PBXBuildFile; fileRef = 7FEC38612130806400EE1A3E /* VideoDecodeAcceleration.framework */; };
		7FEC38692130937200EE1A3E /* OpenGL.framework in Frameworks */ = {isa = PBXBuildFile; fileRef = 7FEC38682130937200EE1A3E /* OpenGL.framework */; };
		7FEC38722130E97B00EE1A3E /* QuartzCore.framework in Frameworks */ = {isa = PBXBuildFile; fileRef = 7FEC38702130E97A00EE1A3E /* QuartzCore.framework */; };
		7FEC38732130E97B00EE1A3E /* Quartz.framework in Frameworks */ = {isa = PBXBuildFile; fileRef = 7FEC38712130E97B00EE1A3E /* Quartz.framework */; };
		7FEC38782130EB6800EE1A3E /* AC_Renderer.mm in Sources */ = {isa = PBXBuildFile; fileRef = 7FEC38742130EB6600EE1A3E /* AC_Renderer.mm */; };
		7FEC38792130EB6800EE1A3E /* AC_AppDelegate.mm in Sources */ = {isa = PBXBuildFile; fileRef = 7FEC38762130EB6800EE1A3E /* AC_AppDelegate.mm */; };
		7FEC387C2130EB9900EE1A3E /* AC_ImageView.mm in Sources */ = {isa = PBXBuildFile; fileRef = 7FEC387A2130EB9800EE1A3E /* AC_ImageView.mm */; };
		7FEE831420C394320027A848 /* ac-util.cpp in Sources */ = {isa = PBXBuildFile; fileRef = 7FEE831120C394320027A848 /* ac-util.cpp */; };
		7FEE831520C394320027A848 /* ac-obj.cpp in Sources */ = {isa = PBXBuildFile; fileRef = 7FEE831220C394320027A848 /* ac-obj.cpp */; };
		7FEE831720C399420027A848 /* ac-alpha.cpp in Sources */ = {isa = PBXBuildFile; fileRef = 7FEE831620C399420027A848 /* ac-alpha.cpp */; };
		7FEE831920C39AAB0027A848 /* ac-square.cpp in Sources */ = {isa = PBXBuildFile; fileRef = 7FEE831820C39AAB0027A848 /* ac-square.cpp */; };
		7FEE831B20C39B030027A848 /* ac-particle.cpp in Sources */ = {isa = PBXBuildFile; fileRef = 7FEE831A20C39B020027A848 /* ac-particle.cpp */; };
		7FEE831D20C39B290027A848 /* ac-grid.cpp in Sources */ = {isa = PBXBuildFile; fileRef = 7FEE831C20C39B280027A848 /* ac-grid.cpp */; };
		7FEE831F20C39DF40027A848 /* ac-basic.cpp in Sources */ = {isa = PBXBuildFile; fileRef = 7FEE831E20C39DF40027A848 /* ac-basic.cpp */; };
		7FEE832520C3DD140027A848 /* ac-image.cpp in Sources */ = {isa = PBXBuildFile; fileRef = 7FEE832420C3DD130027A848 /* ac-image.cpp */; };
		7FEE832720C3DFEA0027A848 /* ac-box.cpp in Sources */ = {isa = PBXBuildFile; fileRef = 7FEE832620C3DFEA0027A848 /* ac-box.cpp */; };
		7FEE832E20C45B0E0027A848 /* ac-filter1.cpp in Sources */ = {isa = PBXBuildFile; fileRef = 7FEE832A20C45B0D0027A848 /* ac-filter1.cpp */; };
		7FEE832F20C45B0E0027A848 /* ac-filter4.cpp in Sources */ = {isa = PBXBuildFile; fileRef = 7FEE832B20C45B0D0027A848 /* ac-filter4.cpp */; };
		7FEE833020C45B0E0027A848 /* ac-filter3.cpp in Sources */ = {isa = PBXBuildFile; fileRef = 7FEE832C20C45B0D0027A848 /* ac-filter3.cpp */; };
		7FEE833120C45B0E0027A848 /* ac-filter2.cpp in Sources */ = {isa = PBXBuildFile; fileRef = 7FEE832D20C45B0D0027A848 /* ac-filter2.cpp */; };
		7FEE833320C45B560027A848 /* ac-filter5.cpp in Sources */ = {isa = PBXBuildFile; fileRef = 7FEE833220C45B560027A848 /* ac-filter5.cpp */; };
/* End PBXBuildFile section */

/* Begin PBXCopyFilesBuildPhase section */
		7FEC38672130932800EE1A3E /* Embed Frameworks */ = {
			isa = PBXCopyFilesBuildPhase;
			buildActionMask = 2147483647;
			dstPath = "";
			dstSubfolderSpec = 10;
			files = (
				7FC2B66B213185E700E54B6E /* Syphon.framework in Embed Frameworks */,
			);
			name = "Embed Frameworks";
			runOnlyForDeploymentPostprocessing = 0;
		};
/* End PBXCopyFilesBuildPhase section */

/* Begin PBXFileReference section */
		7F122ED919C37026000DA576 /* Acid.Cam.v2.OSX.entitlements */ = {isa = PBXFileReference; lastKnownFileType = text.xml; path = Acid.Cam.v2.OSX.entitlements; sourceTree = "<group>"; };
		7F47CB331C6D0549008689B9 /* AudioToolbox.framework */ = {isa = PBXFileReference; lastKnownFileType = wrapper.framework; name = AudioToolbox.framework; path = System/Library/Frameworks/AudioToolbox.framework; sourceTree = SDKROOT; };
		7F4A50A920800F84009998DA /* tokenize.hpp */ = {isa = PBXFileReference; fileEncoding = 4; lastKnownFileType = sourcecode.cpp.h; name = tokenize.hpp; path = Acid.Cam.v2.OSX/tokenize.hpp; sourceTree = "<group>"; };
		7F4D4B9220E50292000248F9 /* ac-filter7.cpp */ = {isa = PBXFileReference; fileEncoding = 4; lastKnownFileType = sourcecode.cpp.cpp; name = "ac-filter7.cpp"; path = "Acid.Cam.v2.OSX/ac-filter7.cpp"; sourceTree = "<group>"; };
		7F50E2EE1CF3DFEB007843AE /* libdl.tbd */ = {isa = PBXFileReference; lastKnownFileType = "sourcecode.text-based-dylib-definition"; name = libdl.tbd; path = usr/lib/libdl.tbd; sourceTree = SDKROOT; };
		7F5181C720CC7F4200CF342C /* ac-filter6.cpp */ = {isa = PBXFileReference; fileEncoding = 4; lastKnownFileType = sourcecode.cpp.cpp; name = "ac-filter6.cpp"; path = "Acid.Cam.v2.OSX/ac-filter6.cpp"; sourceTree = "<group>"; };
		7F52A4A92197358B0032CCF3 /* ac-filter12.cpp */ = {isa = PBXFileReference; fileEncoding = 4; lastKnownFileType = sourcecode.cpp.cpp; name = "ac-filter12.cpp"; path = "Acid.Cam.v2.OSX/ac-filter12.cpp"; sourceTree = "<group>"; };
		7F5831E41E27F3CB00101A98 /* AVFoundation.framework */ = {isa = PBXFileReference; lastKnownFileType = wrapper.framework; name = AVFoundation.framework; path = System/Library/Frameworks/AVFoundation.framework; sourceTree = SDKROOT; };
		7F5831E51E27F3CB00101A98 /* AVKit.framework */ = {isa = PBXFileReference; lastKnownFileType = wrapper.framework; name = AVKit.framework; path = System/Library/Frameworks/AVKit.framework; sourceTree = SDKROOT; };
		7F5831E81E27F3DA00101A98 /* libopencv_world.a */ = {isa = PBXFileReference; lastKnownFileType = archive.ar; name = libopencv_world.a; path = cvlibs/libopencv_world.a; sourceTree = "<group>"; };
		7F7346822145AD4700F1A327 /* ac-filter11.cpp */ = {isa = PBXFileReference; fileEncoding = 4; lastKnownFileType = sourcecode.cpp.cpp; name = "ac-filter11.cpp"; path = "Acid.Cam.v2.OSX/ac-filter11.cpp"; sourceTree = "<group>"; };
		7F8E8A3221FE36EC00775DAE /* ac-filter15.cpp */ = {isa = PBXFileReference; fileEncoding = 4; lastKnownFileType = sourcecode.cpp.cpp; name = "ac-filter15.cpp"; path = "Acid.Cam.v2.OSX/ac-filter15.cpp"; sourceTree = "<group>"; };
		7F98DA6D21B85C41003876C7 /* ac-filter13.cpp */ = {isa = PBXFileReference; fileEncoding = 4; lastKnownFileType = sourcecode.cpp.cpp; name = "ac-filter13.cpp"; path = "Acid.Cam.v2.OSX/ac-filter13.cpp"; sourceTree = "<group>"; };
		7F9D709217DE4F35009C54DA /* Acid.Cam.v2.OSX.app */ = {isa = PBXFileReference; explicitFileType = wrapper.application; includeInIndex = 0; path = Acid.Cam.v2.OSX.app; sourceTree = BUILT_PRODUCTS_DIR; };
		7F9D709517DE4F35009C54DA /* Cocoa.framework */ = {isa = PBXFileReference; lastKnownFileType = wrapper.framework; name = Cocoa.framework; path = System/Library/Frameworks/Cocoa.framework; sourceTree = SDKROOT; };
		7F9D709817DE4F35009C54DA /* AppKit.framework */ = {isa = PBXFileReference; lastKnownFileType = wrapper.framework; name = AppKit.framework; path = System/Library/Frameworks/AppKit.framework; sourceTree = SDKROOT; };
		7F9D709917DE4F35009C54DA /* CoreData.framework */ = {isa = PBXFileReference; lastKnownFileType = wrapper.framework; name = CoreData.framework; path = System/Library/Frameworks/CoreData.framework; sourceTree = SDKROOT; };
		7F9D709A17DE4F35009C54DA /* Foundation.framework */ = {isa = PBXFileReference; lastKnownFileType = wrapper.framework; name = Foundation.framework; path = System/Library/Frameworks/Foundation.framework; sourceTree = SDKROOT; };
		7F9D709D17DE4F35009C54DA /* Acid.Cam.v2.OSX-Info.plist */ = {isa = PBXFileReference; lastKnownFileType = text.plist.xml; path = "Acid.Cam.v2.OSX-Info.plist"; sourceTree = "<group>"; };
		7F9D70A117DE4F35009C54DA /* main.m */ = {isa = PBXFileReference; lastKnownFileType = sourcecode.c.objc; path = main.m; sourceTree = "<group>"; };
		7F9D70A317DE4F35009C54DA /* Acid.Cam.v2.OSX-Prefix.pch */ = {isa = PBXFileReference; lastKnownFileType = sourcecode.c.h; path = "Acid.Cam.v2.OSX-Prefix.pch"; sourceTree = "<group>"; };
		7F9D70A517DE4F35009C54DA /* en */ = {isa = PBXFileReference; lastKnownFileType = text.rtf; name = en; path = en.lproj/Credits.rtf; sourceTree = "<group>"; };
		7F9D70B217DE4F7C009C54DA /* AC_Controller.h */ = {isa = PBXFileReference; fileEncoding = 4; lastKnownFileType = sourcecode.c.h; name = AC_Controller.h; path = Acid.Cam.v2.OSX/AC_Controller.h; sourceTree = "<group>"; };
		7F9D70B317DE4F7C009C54DA /* AC_Controller.mm */ = {isa = PBXFileReference; fileEncoding = 4; lastKnownFileType = sourcecode.cpp.objcpp; name = AC_Controller.mm; path = Acid.Cam.v2.OSX/AC_Controller.mm; sourceTree = "<group>"; };
		7F9D70B517DE4F7C009C54DA /* ac.h */ = {isa = PBXFileReference; fileEncoding = 4; lastKnownFileType = sourcecode.c.h; name = ac.h; path = Acid.Cam.v2.OSX/ac.h; sourceTree = "<group>"; };
		7F9D70BA17DE4F7C009C54DA /* en */ = {isa = PBXFileReference; lastKnownFileType = text.plist.strings; name = en; path = InfoPlist.strings; sourceTree = "<group>"; };
		7F9D70BC17DE4F7C009C54DA /* en */ = {isa = PBXFileReference; lastKnownFileType = file.xib; name = en; path = MainMenu.xib; sourceTree = "<group>"; };
		7F9D70BD17DE4F7C009C54DA /* fractal.cpp */ = {isa = PBXFileReference; fileEncoding = 4; lastKnownFileType = sourcecode.cpp.cpp; name = fractal.cpp; path = Acid.Cam.v2.OSX/fractal.cpp; sourceTree = "<group>"; };
		7F9D70BE17DE4F7C009C54DA /* fractal.h */ = {isa = PBXFileReference; fileEncoding = 4; lastKnownFileType = sourcecode.c.h; name = fractal.h; path = Acid.Cam.v2.OSX/fractal.h; sourceTree = "<group>"; };
		7F9D70EB17DE4F7C009C54DA /* videocapture.h */ = {isa = PBXFileReference; fileEncoding = 4; lastKnownFileType = sourcecode.c.h; name = videocapture.h; path = Acid.Cam.v2.OSX/videocapture.h; sourceTree = "<group>"; };
		7F9D70EC17DE4F7C009C54DA /* videoprogram.mm */ = {isa = PBXFileReference; fileEncoding = 4; lastKnownFileType = sourcecode.cpp.objcpp; name = videoprogram.mm; path = Acid.Cam.v2.OSX/videoprogram.mm; sourceTree = "<group>"; };
		7F9D715A17DE5082009C54DA /* image.icns */ = {isa = PBXFileReference; lastKnownFileType = image.icns; path = image.icns; sourceTree = "<group>"; };
		7F9E38A7204B3ED3002A1F4F /* liblibwebp.a */ = {isa = PBXFileReference; lastKnownFileType = archive.ar; name = liblibwebp.a; path = cvlibs/liblibwebp.a; sourceTree = "<group>"; };
		7F9E38A8204B3ED3002A1F4F /* libittnotify.a */ = {isa = PBXFileReference; lastKnownFileType = archive.ar; name = libittnotify.a; path = cvlibs/libittnotify.a; sourceTree = "<group>"; };
		7F9E38A9204B3ED3002A1F4F /* libippiw.a */ = {isa = PBXFileReference; lastKnownFileType = archive.ar; name = libippiw.a; path = cvlibs/libippiw.a; sourceTree = "<group>"; };
		7F9E38AE204C7814002A1F4F /* libavresample.a */ = {isa = PBXFileReference; lastKnownFileType = archive.ar; name = libavresample.a; path = cvlibs/libavresample.a; sourceTree = "<group>"; };
		7FA4F5CF21D553E600E6D442 /* ac-filtercat.cpp */ = {isa = PBXFileReference; fileEncoding = 4; lastKnownFileType = sourcecode.cpp.cpp; name = "ac-filtercat.cpp"; path = "Acid.Cam.v2.OSX/ac-filtercat.cpp"; sourceTree = "<group>"; };
		7FA4F5D021D553E600E6D442 /* ac-filtercat.h */ = {isa = PBXFileReference; fileEncoding = 4; lastKnownFileType = sourcecode.c.h; name = "ac-filtercat.h"; path = "Acid.Cam.v2.OSX/ac-filtercat.h"; sourceTree = "<group>"; };
		7FA4F5D221DBDF7700E6D442 /* ac-filter14.cpp */ = {isa = PBXFileReference; fileEncoding = 4; lastKnownFileType = sourcecode.cpp.cpp; name = "ac-filter14.cpp"; path = "Acid.Cam.v2.OSX/ac-filter14.cpp"; sourceTree = "<group>"; };
		7FB150ED2110B00D00DAD5FC /* ac-filter9.cpp */ = {isa = PBXFileReference; fileEncoding = 4; lastKnownFileType = sourcecode.cpp.cpp; name = "ac-filter9.cpp"; path = "Acid.Cam.v2.OSX/ac-filter9.cpp"; sourceTree = "<group>"; };
		7FC2145B2128DB08001EBDA3 /* ac-filter10.cpp */ = {isa = PBXFileReference; fileEncoding = 4; lastKnownFileType = sourcecode.cpp.cpp; name = "ac-filter10.cpp"; path = "Acid.Cam.v2.OSX/ac-filter10.cpp"; sourceTree = "<group>"; };
		7FC2B666213185B800E54B6E /* Frameworks */ = {isa = PBXFileReference; lastKnownFileType = folder; path = Frameworks; sourceTree = "<group>"; };
		7FC2B668213185D000E54B6E /* Syphon.framework */ = {isa = PBXFileReference; lastKnownFileType = wrapper.framework; name = Syphon.framework; path = Frameworks/Syphon.framework; sourceTree = "<group>"; };
		7FD9985220FE1906003B76A3 /* ac-filter8.cpp */ = {isa = PBXFileReference; fileEncoding = 4; lastKnownFileType = sourcecode.cpp.cpp; name = "ac-filter8.cpp"; path = "Acid.Cam.v2.OSX/ac-filter8.cpp"; sourceTree = "<group>"; };
		7FE23DA61E28350700B14623 /* OpenCL.framework */ = {isa = PBXFileReference; lastKnownFileType = wrapper.framework; name = OpenCL.framework; path = System/Library/Frameworks/OpenCL.framework; sourceTree = SDKROOT; };
		7FE23DA81E28355600B14623 /* libblas.tbd */ = {isa = PBXFileReference; lastKnownFileType = "sourcecode.text-based-dylib-definition"; name = libblas.tbd; path = usr/lib/libblas.tbd; sourceTree = SDKROOT; };
		7FE23DA91E28355600B14623 /* libcblas.tbd */ = {isa = PBXFileReference; lastKnownFileType = "sourcecode.text-based-dylib-definition"; name = libcblas.tbd; path = usr/lib/libcblas.tbd; sourceTree = SDKROOT; };
		7FE23DAC1E28356900B14623 /* libavcodec.a */ = {isa = PBXFileReference; lastKnownFileType = archive.ar; name = libavcodec.a; path = cvlibs/libavcodec.a; sourceTree = "<group>"; };
		7FE23DAD1E28356900B14623 /* libavdevice.a */ = {isa = PBXFileReference; lastKnownFileType = archive.ar; name = libavdevice.a; path = cvlibs/libavdevice.a; sourceTree = "<group>"; };
		7FE23DAE1E28356900B14623 /* libavfilter.a */ = {isa = PBXFileReference; lastKnownFileType = archive.ar; name = libavfilter.a; path = cvlibs/libavfilter.a; sourceTree = "<group>"; };
		7FE23DAF1E28356900B14623 /* libavformat.a */ = {isa = PBXFileReference; lastKnownFileType = archive.ar; name = libavformat.a; path = cvlibs/libavformat.a; sourceTree = "<group>"; };
		7FE23DB01E28356900B14623 /* libavutil.a */ = {isa = PBXFileReference; lastKnownFileType = archive.ar; name = libavutil.a; path = cvlibs/libavutil.a; sourceTree = "<group>"; };
		7FE23DB11E28356900B14623 /* libIlmImf.a */ = {isa = PBXFileReference; lastKnownFileType = archive.ar; name = libIlmImf.a; path = cvlibs/libIlmImf.a; sourceTree = "<group>"; };
		7FE23DB21E28356900B14623 /* libippicv.a */ = {isa = PBXFileReference; lastKnownFileType = archive.ar; name = libippicv.a; path = cvlibs/libippicv.a; sourceTree = "<group>"; };
		7FE23DB31E28356900B14623 /* liblibjasper.a */ = {isa = PBXFileReference; lastKnownFileType = archive.ar; name = liblibjasper.a; path = cvlibs/liblibjasper.a; sourceTree = "<group>"; };
		7FE23DB41E28356900B14623 /* liblibjpeg.a */ = {isa = PBXFileReference; lastKnownFileType = archive.ar; name = liblibjpeg.a; path = cvlibs/liblibjpeg.a; sourceTree = "<group>"; };
		7FE23DB51E28356900B14623 /* liblibpng.a */ = {isa = PBXFileReference; lastKnownFileType = archive.ar; name = liblibpng.a; path = cvlibs/liblibpng.a; sourceTree = "<group>"; };
		7FE23DB61E28356900B14623 /* liblibtiff.a */ = {isa = PBXFileReference; lastKnownFileType = archive.ar; name = liblibtiff.a; path = cvlibs/liblibtiff.a; sourceTree = "<group>"; };
		7FE23DB71E28356900B14623 /* libswscale.a */ = {isa = PBXFileReference; lastKnownFileType = archive.ar; name = libswscale.a; path = cvlibs/libswscale.a; sourceTree = "<group>"; };
		7FE23DBC1E28356900B14623 /* libzlib.a */ = {isa = PBXFileReference; lastKnownFileType = archive.ar; name = libzlib.a; path = cvlibs/libzlib.a; sourceTree = "<group>"; };
		7FE23DD01E28397900B14623 /* CoreMedia.framework */ = {isa = PBXFileReference; lastKnownFileType = wrapper.framework; name = CoreMedia.framework; path = System/Library/Frameworks/CoreMedia.framework; sourceTree = SDKROOT; };
		7FE23DD21E28398000B14623 /* CoreVideo.framework */ = {isa = PBXFileReference; lastKnownFileType = wrapper.framework; name = CoreVideo.framework; path = System/Library/Frameworks/CoreVideo.framework; sourceTree = SDKROOT; };
		7FE23DE81E28403000B14623 /* libf77lapack.tbd */ = {isa = PBXFileReference; lastKnownFileType = "sourcecode.text-based-dylib-definition"; name = libf77lapack.tbd; path = usr/lib/libf77lapack.tbd; sourceTree = SDKROOT; };
		7FE23DEA1E28403C00B14623 /* libclapack.tbd */ = {isa = PBXFileReference; lastKnownFileType = "sourcecode.text-based-dylib-definition"; name = libclapack.tbd; path = usr/lib/libclapack.tbd; sourceTree = SDKROOT; };
		7FE23DEB1E28403C00B14623 /* liblapack.tbd */ = {isa = PBXFileReference; lastKnownFileType = "sourcecode.text-based-dylib-definition"; name = liblapack.tbd; path = usr/lib/liblapack.tbd; sourceTree = SDKROOT; };
		7FEC38612130806400EE1A3E /* VideoDecodeAcceleration.framework */ = {isa = PBXFileReference; lastKnownFileType = wrapper.framework; name = VideoDecodeAcceleration.framework; path = System/Library/Frameworks/VideoDecodeAcceleration.framework; sourceTree = SDKROOT; };
		7FEC38682130937200EE1A3E /* OpenGL.framework */ = {isa = PBXFileReference; lastKnownFileType = wrapper.framework; name = OpenGL.framework; path = System/Library/Frameworks/OpenGL.framework; sourceTree = SDKROOT; };
		7FEC38702130E97A00EE1A3E /* QuartzCore.framework */ = {isa = PBXFileReference; lastKnownFileType = wrapper.framework; name = QuartzCore.framework; path = System/Library/Frameworks/QuartzCore.framework; sourceTree = SDKROOT; };
		7FEC38712130E97B00EE1A3E /* Quartz.framework */ = {isa = PBXFileReference; lastKnownFileType = wrapper.framework; name = Quartz.framework; path = System/Library/Frameworks/Quartz.framework; sourceTree = SDKROOT; };
		7FEC38742130EB6600EE1A3E /* AC_Renderer.mm */ = {isa = PBXFileReference; fileEncoding = 4; lastKnownFileType = sourcecode.cpp.objcpp; name = AC_Renderer.mm; path = Acid.Cam.v2.OSX/AC_Renderer.mm; sourceTree = "<group>"; };
		7FEC38752130EB6700EE1A3E /* AC_AppDelegate.h */ = {isa = PBXFileReference; fileEncoding = 4; lastKnownFileType = sourcecode.c.h; name = AC_AppDelegate.h; path = Acid.Cam.v2.OSX/AC_AppDelegate.h; sourceTree = "<group>"; };
		7FEC38762130EB6800EE1A3E /* AC_AppDelegate.mm */ = {isa = PBXFileReference; fileEncoding = 4; lastKnownFileType = sourcecode.cpp.objcpp; name = AC_AppDelegate.mm; path = Acid.Cam.v2.OSX/AC_AppDelegate.mm; sourceTree = "<group>"; };
		7FEC38772130EB6800EE1A3E /* AC_Renderer.h */ = {isa = PBXFileReference; fileEncoding = 4; lastKnownFileType = sourcecode.c.h; name = AC_Renderer.h; path = Acid.Cam.v2.OSX/AC_Renderer.h; sourceTree = "<group>"; };
		7FEC387A2130EB9800EE1A3E /* AC_ImageView.mm */ = {isa = PBXFileReference; fileEncoding = 4; lastKnownFileType = sourcecode.cpp.objcpp; name = AC_ImageView.mm; path = Acid.Cam.v2.OSX/AC_ImageView.mm; sourceTree = "<group>"; };
		7FEC387B2130EB9800EE1A3E /* AC_ImageView.h */ = {isa = PBXFileReference; fileEncoding = 4; lastKnownFileType = sourcecode.c.h; name = AC_ImageView.h; path = Acid.Cam.v2.OSX/AC_ImageView.h; sourceTree = "<group>"; };
		7FEE831120C394320027A848 /* ac-util.cpp */ = {isa = PBXFileReference; fileEncoding = 4; lastKnownFileType = sourcecode.cpp.cpp; name = "ac-util.cpp"; path = "Acid.Cam.v2.OSX/ac-util.cpp"; sourceTree = "<group>"; };
		7FEE831220C394320027A848 /* ac-obj.cpp */ = {isa = PBXFileReference; fileEncoding = 4; lastKnownFileType = sourcecode.cpp.cpp; name = "ac-obj.cpp"; path = "Acid.Cam.v2.OSX/ac-obj.cpp"; sourceTree = "<group>"; };
		7FEE831620C399420027A848 /* ac-alpha.cpp */ = {isa = PBXFileReference; fileEncoding = 4; lastKnownFileType = sourcecode.cpp.cpp; name = "ac-alpha.cpp"; path = "Acid.Cam.v2.OSX/ac-alpha.cpp"; sourceTree = "<group>"; };
		7FEE831820C39AAB0027A848 /* ac-square.cpp */ = {isa = PBXFileReference; fileEncoding = 4; lastKnownFileType = sourcecode.cpp.cpp; name = "ac-square.cpp"; path = "Acid.Cam.v2.OSX/ac-square.cpp"; sourceTree = "<group>"; };
		7FEE831A20C39B020027A848 /* ac-particle.cpp */ = {isa = PBXFileReference; fileEncoding = 4; lastKnownFileType = sourcecode.cpp.cpp; name = "ac-particle.cpp"; path = "Acid.Cam.v2.OSX/ac-particle.cpp"; sourceTree = "<group>"; };
		7FEE831C20C39B280027A848 /* ac-grid.cpp */ = {isa = PBXFileReference; fileEncoding = 4; lastKnownFileType = sourcecode.cpp.cpp; name = "ac-grid.cpp"; path = "Acid.Cam.v2.OSX/ac-grid.cpp"; sourceTree = "<group>"; };
		7FEE831E20C39DF40027A848 /* ac-basic.cpp */ = {isa = PBXFileReference; fileEncoding = 4; lastKnownFileType = sourcecode.cpp.cpp; name = "ac-basic.cpp"; path = "Acid.Cam.v2.OSX/ac-basic.cpp"; sourceTree = "<group>"; };
		7FEE832420C3DD130027A848 /* ac-image.cpp */ = {isa = PBXFileReference; fileEncoding = 4; lastKnownFileType = sourcecode.cpp.cpp; name = "ac-image.cpp"; path = "Acid.Cam.v2.OSX/ac-image.cpp"; sourceTree = "<group>"; };
		7FEE832620C3DFEA0027A848 /* ac-box.cpp */ = {isa = PBXFileReference; fileEncoding = 4; lastKnownFileType = sourcecode.cpp.cpp; name = "ac-box.cpp"; path = "Acid.Cam.v2.OSX/ac-box.cpp"; sourceTree = "<group>"; };
		7FEE832A20C45B0D0027A848 /* ac-filter1.cpp */ = {isa = PBXFileReference; fileEncoding = 4; lastKnownFileType = sourcecode.cpp.cpp; name = "ac-filter1.cpp"; path = "Acid.Cam.v2.OSX/ac-filter1.cpp"; sourceTree = "<group>"; };
		7FEE832B20C45B0D0027A848 /* ac-filter4.cpp */ = {isa = PBXFileReference; fileEncoding = 4; lastKnownFileType = sourcecode.cpp.cpp; name = "ac-filter4.cpp"; path = "Acid.Cam.v2.OSX/ac-filter4.cpp"; sourceTree = "<group>"; };
		7FEE832C20C45B0D0027A848 /* ac-filter3.cpp */ = {isa = PBXFileReference; fileEncoding = 4; lastKnownFileType = sourcecode.cpp.cpp; name = "ac-filter3.cpp"; path = "Acid.Cam.v2.OSX/ac-filter3.cpp"; sourceTree = "<group>"; };
		7FEE832D20C45B0D0027A848 /* ac-filter2.cpp */ = {isa = PBXFileReference; fileEncoding = 4; lastKnownFileType = sourcecode.cpp.cpp; name = "ac-filter2.cpp"; path = "Acid.Cam.v2.OSX/ac-filter2.cpp"; sourceTree = "<group>"; };
		7FEE833220C45B560027A848 /* ac-filter5.cpp */ = {isa = PBXFileReference; fileEncoding = 4; lastKnownFileType = sourcecode.cpp.cpp; name = "ac-filter5.cpp"; path = "Acid.Cam.v2.OSX/ac-filter5.cpp"; sourceTree = "<group>"; };
/* End PBXFileReference section */

/* Begin PBXFrameworksBuildPhase section */
		7F9D708F17DE4F35009C54DA /* Frameworks */ = {
			isa = PBXFrameworksBuildPhase;
			buildActionMask = 2147483647;
			files = (
				7FEC38722130E97B00EE1A3E /* QuartzCore.framework in Frameworks */,
				7FEC38732130E97B00EE1A3E /* Quartz.framework in Frameworks */,
				7F9E38B8204C807C002A1F4F /* libippiw.a in Frameworks */,
				7F9E38B9204C807C002A1F4F /* libittnotify.a in Frameworks */,
				7F9E38BA204C807C002A1F4F /* liblibjpeg.a in Frameworks */,
				7F9E38BB204C807C002A1F4F /* liblibpng.a in Frameworks */,
				7F9E38BC204C807C002A1F4F /* liblibtiff.a in Frameworks */,
				7F9E38BD204C807C002A1F4F /* libopencv_world.a in Frameworks */,
				7F9E38BE204C807C002A1F4F /* libzlib.a in Frameworks */,
				7F9E38BF204C807C002A1F4F /* libavcodec.a in Frameworks */,
				7F9E38C0204C807C002A1F4F /* libavutil.a in Frameworks */,
				7F9E38C1204C807C002A1F4F /* libswscale.a in Frameworks */,
				7F9E38C2204C807C002A1F4F /* libavdevice.a in Frameworks */,
				7F9E38C3204C807C002A1F4F /* libavfilter.a in Frameworks */,
				7F9E38C4204C807C002A1F4F /* libavformat.a in Frameworks */,
				7F9E38C5204C807C002A1F4F /* libavresample.a in Frameworks */,
				7F9E38C6204C807C002A1F4F /* liblibjasper.a in Frameworks */,
				7F9E38C7204C807C002A1F4F /* libIlmImf.a in Frameworks */,
				7F9E38C8204C807C002A1F4F /* liblibwebp.a in Frameworks */,
				7F9E38C9204C807C002A1F4F /* libippicv.a in Frameworks */,
				7FE23DEE1E28405E00B14623 /* libblas.tbd in Frameworks */,
				7FE23DEF1E28405E00B14623 /* libcblas.tbd in Frameworks */,
				7FE23DEC1E28403C00B14623 /* libclapack.tbd in Frameworks */,
				7FE23DED1E28403C00B14623 /* liblapack.tbd in Frameworks */,
				7FE23DE91E28403000B14623 /* libf77lapack.tbd in Frameworks */,
				7FC2B66A213185E700E54B6E /* Syphon.framework in Frameworks */,
				7FEC38692130937200EE1A3E /* OpenGL.framework in Frameworks */,
				7FE23DD31E28398000B14623 /* CoreVideo.framework in Frameworks */,
				7FE23DD11E28397900B14623 /* CoreMedia.framework in Frameworks */,
				7FE23DA71E28350700B14623 /* OpenCL.framework in Frameworks */,
				7F5831E61E27F3CB00101A98 /* AVFoundation.framework in Frameworks */,
				7F5831E71E27F3CB00101A98 /* AVKit.framework in Frameworks */,
				7F47CB341C6D0549008689B9 /* AudioToolbox.framework in Frameworks */,
				7F9D712117DE4FA0009C54DA /* AppKit.framework in Frameworks */,
				7FEC3863213092D200EE1A3E /* VideoDecodeAcceleration.framework in Frameworks */,
				7F9D709617DE4F35009C54DA /* Cocoa.framework in Frameworks */,
			);
			runOnlyForDeploymentPostprocessing = 0;
		};
/* End PBXFrameworksBuildPhase section */

/* Begin PBXGroup section */
		7F9D708917DE4F35009C54DA = {
			isa = PBXGroup;
			children = (
				7F9D70B217DE4F7C009C54DA /* AC_Controller.h */,
				7F9D70B317DE4F7C009C54DA /* AC_Controller.mm */,
				7FEC387B2130EB9800EE1A3E /* AC_ImageView.h */,
				7FEC387A2130EB9800EE1A3E /* AC_ImageView.mm */,
				7FEC38772130EB6800EE1A3E /* AC_Renderer.h */,
				7FEC38742130EB6600EE1A3E /* AC_Renderer.mm */,
				7FEC38752130EB6700EE1A3E /* AC_AppDelegate.h */,
				7FEC38762130EB6800EE1A3E /* AC_AppDelegate.mm */,
				7F9D70EB17DE4F7C009C54DA /* videocapture.h */,
				7F9D70EC17DE4F7C009C54DA /* videoprogram.mm */,
				7FEE831220C394320027A848 /* ac-obj.cpp */,
				7F9D70B517DE4F7C009C54DA /* ac.h */,
				7FA4F5CF21D553E600E6D442 /* ac-filtercat.cpp */,
				7FA4F5D021D553E600E6D442 /* ac-filtercat.h */,
				7FEE832A20C45B0D0027A848 /* ac-filter1.cpp */,
				7FEE832D20C45B0D0027A848 /* ac-filter2.cpp */,
				7FEE832C20C45B0D0027A848 /* ac-filter3.cpp */,
				7FEE832B20C45B0D0027A848 /* ac-filter4.cpp */,
				7FEE833220C45B560027A848 /* ac-filter5.cpp */,
				7F5181C720CC7F4200CF342C /* ac-filter6.cpp */,
				7F4D4B9220E50292000248F9 /* ac-filter7.cpp */,
				7FD9985220FE1906003B76A3 /* ac-filter8.cpp */,
				7FB150ED2110B00D00DAD5FC /* ac-filter9.cpp */,
				7FC2145B2128DB08001EBDA3 /* ac-filter10.cpp */,
				7F7346822145AD4700F1A327 /* ac-filter11.cpp */,
				7F52A4A92197358B0032CCF3 /* ac-filter12.cpp */,
				7F98DA6D21B85C41003876C7 /* ac-filter13.cpp */,
				7FA4F5D221DBDF7700E6D442 /* ac-filter14.cpp */,
				7F8E8A3221FE36EC00775DAE /* ac-filter15.cpp */,
				7FEE831120C394320027A848 /* ac-util.cpp */,
				7FEE831820C39AAB0027A848 /* ac-square.cpp */,
				7FEE831A20C39B020027A848 /* ac-particle.cpp */,
				7FEE831C20C39B280027A848 /* ac-grid.cpp */,
				7FEE831E20C39DF40027A848 /* ac-basic.cpp */,
				7FEE832420C3DD130027A848 /* ac-image.cpp */,
				7FEE831620C399420027A848 /* ac-alpha.cpp */,
				7FEE832620C3DFEA0027A848 /* ac-box.cpp */,
				7F4A50A920800F84009998DA /* tokenize.hpp */,
				7F9D70BD17DE4F7C009C54DA /* fractal.cpp */,
				7F9D70BE17DE4F7C009C54DA /* fractal.h */,
				7F9D715A17DE5082009C54DA /* image.icns */,
				7F9D70B617DE4F7C009C54DA /* en.lproj */,
				7F9D709B17DE4F35009C54DA /* Acid.Cam.v2.OSX */,
				7F9D709417DE4F35009C54DA /* Frameworks */,
				7F9D709317DE4F35009C54DA /* Products */,
			);
			sourceTree = "<group>";
		};
		7F9D709317DE4F35009C54DA /* Products */ = {
			isa = PBXGroup;
			children = (
				7F9D709217DE4F35009C54DA /* Acid.Cam.v2.OSX.app */,
			);
			name = Products;
			sourceTree = "<group>";
		};
		7F9D709417DE4F35009C54DA /* Frameworks */ = {
			isa = PBXGroup;
			children = (
				7FC2B668213185D000E54B6E /* Syphon.framework */,
				7FC2B666213185B800E54B6E /* Frameworks */,
				7FEC38712130E97B00EE1A3E /* Quartz.framework */,
				7FEC38702130E97A00EE1A3E /* QuartzCore.framework */,
				7FEC38682130937200EE1A3E /* OpenGL.framework */,
				7FEC38612130806400EE1A3E /* VideoDecodeAcceleration.framework */,
				7F9E38AE204C7814002A1F4F /* libavresample.a */,
				7F9E38A9204B3ED3002A1F4F /* libippiw.a */,
				7F9E38A8204B3ED3002A1F4F /* libittnotify.a */,
				7F9E38A7204B3ED3002A1F4F /* liblibwebp.a */,
				7FE23DEA1E28403C00B14623 /* libclapack.tbd */,
				7FE23DEB1E28403C00B14623 /* liblapack.tbd */,
				7FE23DE81E28403000B14623 /* libf77lapack.tbd */,
				7FE23DD21E28398000B14623 /* CoreVideo.framework */,
				7FE23DD01E28397900B14623 /* CoreMedia.framework */,
				7FE23DAC1E28356900B14623 /* libavcodec.a */,
				7FE23DAD1E28356900B14623 /* libavdevice.a */,
				7FE23DAE1E28356900B14623 /* libavfilter.a */,
				7FE23DAF1E28356900B14623 /* libavformat.a */,
				7FE23DB01E28356900B14623 /* libavutil.a */,
				7FE23DB11E28356900B14623 /* libIlmImf.a */,
				7FE23DB21E28356900B14623 /* libippicv.a */,
				7FE23DB31E28356900B14623 /* liblibjasper.a */,
				7FE23DB41E28356900B14623 /* liblibjpeg.a */,
				7FE23DB51E28356900B14623 /* liblibpng.a */,
				7FE23DB61E28356900B14623 /* liblibtiff.a */,
				7FE23DB71E28356900B14623 /* libswscale.a */,
				7FE23DBC1E28356900B14623 /* libzlib.a */,
				7FE23DA81E28355600B14623 /* libblas.tbd */,
				7FE23DA91E28355600B14623 /* libcblas.tbd */,
				7FE23DA61E28350700B14623 /* OpenCL.framework */,
				7F5831E81E27F3DA00101A98 /* libopencv_world.a */,
				7F5831E41E27F3CB00101A98 /* AVFoundation.framework */,
				7F5831E51E27F3CB00101A98 /* AVKit.framework */,
				7F50E2EE1CF3DFEB007843AE /* libdl.tbd */,
				7F47CB331C6D0549008689B9 /* AudioToolbox.framework */,
				7F9D709517DE4F35009C54DA /* Cocoa.framework */,
				7F9D709717DE4F35009C54DA /* Other Frameworks */,
			);
			name = Frameworks;
			sourceTree = "<group>";
		};
		7F9D709717DE4F35009C54DA /* Other Frameworks */ = {
			isa = PBXGroup;
			children = (
				7F9D709817DE4F35009C54DA /* AppKit.framework */,
				7F9D709917DE4F35009C54DA /* CoreData.framework */,
				7F9D709A17DE4F35009C54DA /* Foundation.framework */,
			);
			name = "Other Frameworks";
			sourceTree = "<group>";
		};
		7F9D709B17DE4F35009C54DA /* Acid.Cam.v2.OSX */ = {
			isa = PBXGroup;
			children = (
				7F122ED919C37026000DA576 /* Acid.Cam.v2.OSX.entitlements */,
				7F9D709C17DE4F35009C54DA /* Supporting Files */,
			);
			path = Acid.Cam.v2.OSX;
			sourceTree = "<group>";
		};
		7F9D709C17DE4F35009C54DA /* Supporting Files */ = {
			isa = PBXGroup;
			children = (
				7F9D709D17DE4F35009C54DA /* Acid.Cam.v2.OSX-Info.plist */,
				7F9D70A117DE4F35009C54DA /* main.m */,
				7F9D70A317DE4F35009C54DA /* Acid.Cam.v2.OSX-Prefix.pch */,
				7F9D70A417DE4F35009C54DA /* Credits.rtf */,
			);
			name = "Supporting Files";
			sourceTree = "<group>";
		};
		7F9D70B617DE4F7C009C54DA /* en.lproj */ = {
			isa = PBXGroup;
			children = (
				7F9D70B917DE4F7C009C54DA /* InfoPlist.strings */,
				7F9D70BB17DE4F7C009C54DA /* MainMenu.xib */,
			);
			name = en.lproj;
			path = Acid.Cam.v2.OSX/en.lproj;
			sourceTree = "<group>";
		};
/* End PBXGroup section */

/* Begin PBXNativeTarget section */
		7F9D709117DE4F35009C54DA /* Acid.Cam.v2.OSX */ = {
			isa = PBXNativeTarget;
			buildConfigurationList = 7F9D70AF17DE4F35009C54DA /* Build configuration list for PBXNativeTarget "Acid.Cam.v2.OSX" */;
			buildPhases = (
				7F9D708E17DE4F35009C54DA /* Sources */,
				7F9D708F17DE4F35009C54DA /* Frameworks */,
				7F9D709017DE4F35009C54DA /* Resources */,
				7FEC38672130932800EE1A3E /* Embed Frameworks */,
			);
			buildRules = (
			);
			dependencies = (
			);
			name = Acid.Cam.v2.OSX;
			productName = Acid.Cam.v2.OSX;
			productReference = 7F9D709217DE4F35009C54DA /* Acid.Cam.v2.OSX.app */;
			productType = "com.apple.product-type.application";
		};
/* End PBXNativeTarget section */

/* Begin PBXProject section */
		7F9D708A17DE4F35009C54DA /* Project object */ = {
			isa = PBXProject;
			attributes = {
				LastUpgradeCheck = 0930;
				ORGANIZATIONNAME = "Jared Bruni";
				TargetAttributes = {
					7F9D709117DE4F35009C54DA = {
						DevelopmentTeam = W7NJ55KF78;
						SystemCapabilities = {
							com.apple.Sandbox = {
								enabled = 0;
							};
						};
					};
				};
			};
			buildConfigurationList = 7F9D708D17DE4F35009C54DA /* Build configuration list for PBXProject "Acid.Cam.v2.OSX" */;
			compatibilityVersion = "Xcode 3.2";
			developmentRegion = English;
			hasScannedForEncodings = 0;
			knownRegions = (
				en,
			);
			mainGroup = 7F9D708917DE4F35009C54DA;
			productRefGroup = 7F9D709317DE4F35009C54DA /* Products */;
			projectDirPath = "";
			projectRoot = "";
			targets = (
				7F9D709117DE4F35009C54DA /* Acid.Cam.v2.OSX */,
			);
		};
/* End PBXProject section */

/* Begin PBXResourcesBuildPhase section */
		7F9D709017DE4F35009C54DA /* Resources */ = {
			isa = PBXResourcesBuildPhase;
			buildActionMask = 2147483647;
			files = (
				7F9D70A617DE4F35009C54DA /* Credits.rtf in Resources */,
				7F9D70F017DE4F7C009C54DA /* InfoPlist.strings in Resources */,
				7F9D70F117DE4F7C009C54DA /* MainMenu.xib in Resources */,
				7F9D715B17DE5082009C54DA /* image.icns in Resources */,
			);
			runOnlyForDeploymentPostprocessing = 0;
		};
/* End PBXResourcesBuildPhase section */

/* Begin PBXSourcesBuildPhase section */
		7F9D708E17DE4F35009C54DA /* Sources */ = {
			isa = PBXSourcesBuildPhase;
			buildActionMask = 2147483647;
			files = (
				7FEE831920C39AAB0027A848 /* ac-square.cpp in Sources */,
				7F4D4B9320E50293000248F9 /* ac-filter7.cpp in Sources */,
				7FEE831720C399420027A848 /* ac-alpha.cpp in Sources */,
				7F9D70A217DE4F35009C54DA /* main.m in Sources */,
				7FD9985320FE1907003B76A3 /* ac-filter8.cpp in Sources */,
				7FB150EE2110B00D00DAD5FC /* ac-filter9.cpp in Sources */,
				7FEE831420C394320027A848 /* ac-util.cpp in Sources */,
				7FC2145C2128DB08001EBDA3 /* ac-filter10.cpp in Sources */,
				7FEC38782130EB6800EE1A3E /* AC_Renderer.mm in Sources */,
				7F9D70ED17DE4F7C009C54DA /* AC_Controller.mm in Sources */,
				7F52A4AA2197358C0032CCF3 /* ac-filter12.cpp in Sources */,
				7FEE831520C394320027A848 /* ac-obj.cpp in Sources */,
				7FEE832E20C45B0E0027A848 /* ac-filter1.cpp in Sources */,
				7FEE831D20C39B290027A848 /* ac-grid.cpp in Sources */,
				7FEC387C2130EB9900EE1A3E /* AC_ImageView.mm in Sources */,
				7FEE831F20C39DF40027A848 /* ac-basic.cpp in Sources */,
				7FA4F5D121D553E600E6D442 /* ac-filtercat.cpp in Sources */,
				7FEE832F20C45B0E0027A848 /* ac-filter4.cpp in Sources */,
				7FEE833320C45B560027A848 /* ac-filter5.cpp in Sources */,
				7FEC38792130EB6800EE1A3E /* AC_AppDelegate.mm in Sources */,
				7FEE832520C3DD140027A848 /* ac-image.cpp in Sources */,
				7FEE832720C3DFEA0027A848 /* ac-box.cpp in Sources */,
				7FEE831B20C39B030027A848 /* ac-particle.cpp in Sources */,
				7F9D70F217DE4F7C009C54DA /* fractal.cpp in Sources */,
				7F5181C820CC7F4200CF342C /* ac-filter6.cpp in Sources */,
				7FA4F5D321DBDF7700E6D442 /* ac-filter14.cpp in Sources */,
				7F9D711E17DE4F7C009C54DA /* videoprogram.mm in Sources */,
				7F98DA6E21B85C41003876C7 /* ac-filter13.cpp in Sources */,
				7FEE833020C45B0E0027A848 /* ac-filter3.cpp in Sources */,
				7F8E8A3321FE36EC00775DAE /* ac-filter15.cpp in Sources */,
				7FEE833120C45B0E0027A848 /* ac-filter2.cpp in Sources */,
				7F7346832145AD4700F1A327 /* ac-filter11.cpp in Sources */,
			);
			runOnlyForDeploymentPostprocessing = 0;
		};
/* End PBXSourcesBuildPhase section */

/* Begin PBXVariantGroup section */
		7F9D70A417DE4F35009C54DA /* Credits.rtf */ = {
			isa = PBXVariantGroup;
			children = (
				7F9D70A517DE4F35009C54DA /* en */,
			);
			name = Credits.rtf;
			sourceTree = "<group>";
		};
		7F9D70B917DE4F7C009C54DA /* InfoPlist.strings */ = {
			isa = PBXVariantGroup;
			children = (
				7F9D70BA17DE4F7C009C54DA /* en */,
			);
			name = InfoPlist.strings;
			sourceTree = "<group>";
		};
		7F9D70BB17DE4F7C009C54DA /* MainMenu.xib */ = {
			isa = PBXVariantGroup;
			children = (
				7F9D70BC17DE4F7C009C54DA /* en */,
			);
			name = MainMenu.xib;
			sourceTree = "<group>";
		};
/* End PBXVariantGroup section */

/* Begin XCBuildConfiguration section */
		7F9D70AD17DE4F35009C54DA /* Debug */ = {
			isa = XCBuildConfiguration;
			buildSettings = {
				ALWAYS_SEARCH_USER_PATHS = NO;
				CLANG_CXX_LANGUAGE_STANDARD = "gnu++17";
				CLANG_CXX_LIBRARY = "libc++";
				CLANG_WARN_BLOCK_CAPTURE_AUTORELEASING = YES;
				CLANG_WARN_BOOL_CONVERSION = YES;
				CLANG_WARN_COMMA = YES;
				CLANG_WARN_CONSTANT_CONVERSION = YES;
				CLANG_WARN_DEPRECATED_OBJC_IMPLEMENTATIONS = YES;
				CLANG_WARN_EMPTY_BODY = YES;
				CLANG_WARN_ENUM_CONVERSION = YES;
				CLANG_WARN_INFINITE_RECURSION = YES;
				CLANG_WARN_INT_CONVERSION = YES;
				CLANG_WARN_NON_LITERAL_NULL_CONVERSION = YES;
				CLANG_WARN_OBJC_IMPLICIT_RETAIN_SELF = YES;
				CLANG_WARN_OBJC_LITERAL_CONVERSION = YES;
				CLANG_WARN_RANGE_LOOP_ANALYSIS = YES;
				CLANG_WARN_STRICT_PROTOTYPES = YES;
				CLANG_WARN_SUSPICIOUS_MOVE = YES;
				CLANG_WARN_UNREACHABLE_CODE = YES;
				CLANG_WARN__DUPLICATE_METHOD_MATCH = YES;
				COPY_PHASE_STRIP = NO;
				ENABLE_STRICT_OBJC_MSGSEND = YES;
				ENABLE_TESTABILITY = YES;
				GCC_C_LANGUAGE_STANDARD = gnu99;
				GCC_DYNAMIC_NO_PIC = NO;
				GCC_ENABLE_OBJC_EXCEPTIONS = YES;
				GCC_NO_COMMON_BLOCKS = YES;
				GCC_OPTIMIZATION_LEVEL = fast;
				GCC_PREPROCESSOR_DEFINITIONS = (
					"DEBUG=1",
					"$(inherited)",
				);
				GCC_SYMBOLS_PRIVATE_EXTERN = NO;
				GCC_WARN_64_TO_32_BIT_CONVERSION = YES;
				GCC_WARN_ABOUT_RETURN_TYPE = YES;
				GCC_WARN_UNDECLARED_SELECTOR = YES;
				GCC_WARN_UNINITIALIZED_AUTOS = YES;
				GCC_WARN_UNUSED_FUNCTION = YES;
				GCC_WARN_UNUSED_VARIABLE = YES;
				MACOSX_DEPLOYMENT_TARGET = 10.13;
				ONLY_ACTIVE_ARCH = YES;
				OTHER_LDFLAGS = "";
				SDKROOT = macosx;
			};
			name = Debug;
		};
		7F9D70AE17DE4F35009C54DA /* Release */ = {
			isa = XCBuildConfiguration;
			buildSettings = {
				ALWAYS_SEARCH_USER_PATHS = NO;
				CLANG_CXX_LANGUAGE_STANDARD = "gnu++17";
				CLANG_CXX_LIBRARY = "libc++";
				CLANG_WARN_BLOCK_CAPTURE_AUTORELEASING = YES;
				CLANG_WARN_BOOL_CONVERSION = YES;
				CLANG_WARN_COMMA = YES;
				CLANG_WARN_CONSTANT_CONVERSION = YES;
				CLANG_WARN_DEPRECATED_OBJC_IMPLEMENTATIONS = YES;
				CLANG_WARN_EMPTY_BODY = YES;
				CLANG_WARN_ENUM_CONVERSION = YES;
				CLANG_WARN_INFINITE_RECURSION = YES;
				CLANG_WARN_INT_CONVERSION = YES;
				CLANG_WARN_NON_LITERAL_NULL_CONVERSION = YES;
				CLANG_WARN_OBJC_IMPLICIT_RETAIN_SELF = YES;
				CLANG_WARN_OBJC_LITERAL_CONVERSION = YES;
				CLANG_WARN_RANGE_LOOP_ANALYSIS = YES;
				CLANG_WARN_STRICT_PROTOTYPES = YES;
				CLANG_WARN_SUSPICIOUS_MOVE = YES;
				CLANG_WARN_UNREACHABLE_CODE = YES;
				CLANG_WARN__DUPLICATE_METHOD_MATCH = YES;
				COPY_PHASE_STRIP = YES;
				DEBUG_INFORMATION_FORMAT = "dwarf-with-dsym";
				ENABLE_STRICT_OBJC_MSGSEND = YES;
				GCC_C_LANGUAGE_STANDARD = gnu99;
				GCC_ENABLE_OBJC_EXCEPTIONS = YES;
				GCC_NO_COMMON_BLOCKS = YES;
				GCC_OPTIMIZATION_LEVEL = fast;
				GCC_WARN_64_TO_32_BIT_CONVERSION = YES;
				GCC_WARN_ABOUT_RETURN_TYPE = YES;
				GCC_WARN_UNDECLARED_SELECTOR = YES;
				GCC_WARN_UNINITIALIZED_AUTOS = YES;
				GCC_WARN_UNUSED_FUNCTION = YES;
				GCC_WARN_UNUSED_VARIABLE = YES;
				MACOSX_DEPLOYMENT_TARGET = 10.13;
				ONLY_ACTIVE_ARCH = YES;
				"OTHER_LDFLAGS[arch=*]" = "";
				SDKROOT = macosx;
			};
			name = Release;
		};
		7F9D70B017DE4F35009C54DA /* Debug */ = {
			isa = XCBuildConfiguration;
			buildSettings = {
				ALWAYS_SEARCH_USER_PATHS = YES;
				CLANG_CXX_LANGUAGE_STANDARD = "gnu++17";
				CLANG_CXX_LIBRARY = "libc++";
				CLANG_ENABLE_OBJC_WEAK = YES;
				CODE_SIGN_IDENTITY = "-";
				COMBINE_HIDPI_IMAGES = YES;
				FRAMEWORK_SEARCH_PATHS = (
					"$(inherited)",
					"$(PROJECT_DIR)/Frameworks",
				);
				GCC_OPTIMIZATION_LEVEL = fast;
				GCC_PRECOMPILE_PREFIX_HEADER = YES;
				GCC_PREFIX_HEADER = "Acid.Cam.v2.OSX/Acid.Cam.v2.OSX-Prefix.pch";
				GCC_VERSION = "";
				"HEADER_SEARCH_PATHS[arch=*]" = ./include;
				INFOPLIST_FILE = "Acid.Cam.v2.OSX/Acid.Cam.v2.OSX-Info.plist";
				LD_RUNPATH_SEARCH_PATHS = "$(inherited) @executable_path/../Frameworks";
				LIBRARY_SEARCH_PATHS = (
					"$(inherited)",
					"\"$(SRCROOT)/..\"",
					"$(PROJECT_DIR)/cvlibs",
				);
				MACOSX_DEPLOYMENT_TARGET = 10.13;
				OTHER_LDFLAGS = (
					/usr/lib/libbz2.dylib,
					/usr/lib/libdl.dylib,
				);
				PRECOMPS_INCLUDE_HEADERS_FROM_BUILT_PRODUCTS_DIR = YES;
				PRODUCT_BUNDLE_IDENTIFIER = "LostSideDead.${PRODUCT_NAME:rfc1034identifier}";
				PRODUCT_NAME = "$(TARGET_NAME)";
				SDKROOT = macosx;
				SYSTEM_HEADER_SEARCH_PATHS = "";
				USE_HEADERMAP = NO;
				WRAPPER_EXTENSION = app;
			};
			name = Debug;
		};
		7F9D70B117DE4F35009C54DA /* Release */ = {
			isa = XCBuildConfiguration;
			buildSettings = {
				ALWAYS_SEARCH_USER_PATHS = YES;
				CLANG_CXX_LANGUAGE_STANDARD = "gnu++17";
				CLANG_CXX_LIBRARY = "libc++";
				CLANG_ENABLE_OBJC_WEAK = YES;
				CODE_SIGN_IDENTITY = "-";
				COMBINE_HIDPI_IMAGES = YES;
				FRAMEWORK_SEARCH_PATHS = (
					"$(inherited)",
					"$(PROJECT_DIR)/Frameworks",
				);
				GCC_OPTIMIZATION_LEVEL = fast;
				GCC_PRECOMPILE_PREFIX_HEADER = YES;
				GCC_PREFIX_HEADER = "Acid.Cam.v2.OSX/Acid.Cam.v2.OSX-Prefix.pch";
				GCC_VERSION = "";
				HEADER_SEARCH_PATHS = ./include;
				"HEADER_SEARCH_PATHS[arch=*]" = (
					./include,
					./Frameworks,
				);
				INFOPLIST_FILE = "Acid.Cam.v2.OSX/Acid.Cam.v2.OSX-Info.plist";
				LD_RUNPATH_SEARCH_PATHS = "$(inherited) @executable_path/../Frameworks";
				LIBRARY_SEARCH_PATHS = (
					"$(inherited)",
					"\"$(SRCROOT)/..\"",
					"$(PROJECT_DIR)/cvlibs",
				);
				MACOSX_DEPLOYMENT_TARGET = 10.13;
				OTHER_LDFLAGS = "";
				"OTHER_LDFLAGS[arch=*]" = (
					/usr/lib/libbz2.dylib,
					/usr/lib/libdl.dylib,
				);
				PRECOMPS_INCLUDE_HEADERS_FROM_BUILT_PRODUCTS_DIR = YES;
				PRODUCT_BUNDLE_IDENTIFIER = "LostSideDead.${PRODUCT_NAME:rfc1034identifier}";
				PRODUCT_NAME = "$(TARGET_NAME)";
				SDKROOT = macosx;
				SYSTEM_HEADER_SEARCH_PATHS = "";
				USE_HEADERMAP = NO;
				WRAPPER_EXTENSION = app;
			};
			name = Release;
		};
/* End XCBuildConfiguration section */

/* Begin XCConfigurationList section */
		7F9D708D17DE4F35009C54DA /* Build configuration list for PBXProject "Acid.Cam.v2.OSX" */ = {
			isa = XCConfigurationList;
			buildConfigurations = (
				7F9D70AD17DE4F35009C54DA /* Debug */,
				7F9D70AE17DE4F35009C54DA /* Release */,
			);
			defaultConfigurationIsVisible = 0;
			defaultConfigurationName = Release;
		};
		7F9D70AF17DE4F35009C54DA /* Build configuration list for PBXNativeTarget "Acid.Cam.v2.OSX" */ = {
			isa = XCConfigurationList;
			buildConfigurations = (
				7F9D70B017DE4F35009C54DA /* Debug */,
				7F9D70B117DE4F35009C54DA /* Release */,
			);
			defaultConfigurationIsVisible = 0;
			defaultConfigurationName = Release;
		};
/* End XCConfigurationList section */
	};
	rootObject = 7F9D708A17DE4F35009C54DA /* Project object */;
}
